{
  "version": "3",
  "remote": {
    "https://raw.githubusercontent.com/LeviBuckwalter/Cache/main/classes/Cache.ts": "fd4fd28aaff370c574123102e2c0fb5947b1b1015c467baba8cacecce00c5843",
    "https://raw.githubusercontent.com/LeviBuckwalter/Cache/main/classes/Entry.ts": "bd037eb6e5d18cd42965030df2f51a30bbf3bb91a9fad799f689cf80a214b92e",
    "https://raw.githubusercontent.com/LeviBuckwalter/Cache/main/classes/FunctionCache/Async.ts": "df499eb541ba27cd2e0dfdc7ff64671993e43eceda2e29cf6310f6c1c3a89201",
    "https://raw.githubusercontent.com/LeviBuckwalter/Cache/main/functions/parseAndStringify.ts": "eb85c7545e4c383f93de60f9748280a961c30c9140179f4467e7cb736bd11eaa",
    "https://raw.githubusercontent.com/LeviBuckwalter/Cache/main/parameters.ts": "880a5c57a619cf191dc2ea42ab2b8a7710e6fda4d7a2ec5abfb0b6fa897e3640"
  }
}
